// !$*UTF8*$!
{
	archiveVersion = 1;
	classes = {
	};
	objectVersion = 46;
	objects = {

/* Begin PBXBuildFile section */
		252C14951F10D13E00142326 /* AppDelegate.swift in Sources */ = {isa = PBXBuildFile; fileRef = 252C14941F10D13E00142326 /* AppDelegate.swift */; };
		252C14971F10D13E00142326 /* ViewController.swift in Sources */ = {isa = PBXBuildFile; fileRef = 252C14961F10D13E00142326 /* ViewController.swift */; };
		252C149A1F10D13E00142326 /* Main.storyboard in Resources */ = {isa = PBXBuildFile; fileRef = 252C14981F10D13E00142326 /* Main.storyboard */; };
		252C149C1F10D13E00142326 /* Assets.xcassets in Resources */ = {isa = PBXBuildFile; fileRef = 252C149B1F10D13E00142326 /* Assets.xcassets */; };
		252C149F1F10D13E00142326 /* LaunchScreen.storyboard in Resources */ = {isa = PBXBuildFile; fileRef = 252C149D1F10D13E00142326 /* LaunchScreen.storyboard */; };
		252C14AD1F10D1ED00142326 /* IntentHandler.swift in Sources */ = {isa = PBXBuildFile; fileRef = 252C14AC1F10D1ED00142326 /* IntentHandler.swift */; };
		252C14B61F10D1ED00142326 /* IntentsUI.framework in Frameworks */ = {isa = PBXBuildFile; fileRef = 252C14B51F10D1ED00142326 /* IntentsUI.framework */; };
		252C14B91F10D1ED00142326 /* IntentViewController.swift in Sources */ = {isa = PBXBuildFile; fileRef = 252C14B81F10D1ED00142326 /* IntentViewController.swift */; };
		252C14BC1F10D1ED00142326 /* MainInterface.storyboard in Resources */ = {isa = PBXBuildFile; fileRef = 252C14BA1F10D1ED00142326 /* MainInterface.storyboard */; };
		252C14C01F10D1ED00142326 /* KamehouseIntentUI.appex in Embed App Extensions */ = {isa = PBXBuildFile; fileRef = 252C14B31F10D1ED00142326 /* KamehouseIntentUI.appex */; settings = {ATTRIBUTES = (RemoveHeadersOnCopy, ); }; };
		252C14C31F10D1ED00142326 /* KamehouseIntent.appex in Embed App Extensions */ = {isa = PBXBuildFile; fileRef = 252C14AA1F10D1ED00142326 /* KamehouseIntent.appex */; settings = {ATTRIBUTES = (RemoveHeadersOnCopy, ); }; };
/* End PBXBuildFile section */

/* Begin PBXContainerItemProxy section */
		252C14BE1F10D1ED00142326 /* PBXContainerItemProxy */ = {
			isa = PBXContainerItemProxy;
			containerPortal = 252C14891F10D13E00142326 /* Project object */;
			proxyType = 1;
			remoteGlobalIDString = 252C14B21F10D1ED00142326;
			remoteInfo = KamehouseIntentUI;
		};
		252C14C11F10D1ED00142326 /* PBXContainerItemProxy */ = {
			isa = PBXContainerItemProxy;
			containerPortal = 252C14891F10D13E00142326 /* Project object */;
			proxyType = 1;
			remoteGlobalIDString = 252C14A91F10D1ED00142326;
			remoteInfo = KamehouseIntent;
		};
/* End PBXContainerItemProxy section */

/* Begin PBXCopyFilesBuildPhase section */
		252C14CA1F10D1ED00142326 /* Embed App Extensions */ = {
			isa = PBXCopyFilesBuildPhase;
			buildActionMask = 2147483647;
			dstPath = "";
			dstSubfolderSpec = 13;
			files = (
				252C14C01F10D1ED00142326 /* KamehouseIntentUI.appex in Embed App Extensions */,
				252C14C31F10D1ED00142326 /* KamehouseIntent.appex in Embed App Extensions */,
			);
			name = "Embed App Extensions";
			runOnlyForDeploymentPostprocessing = 0;
		};
/* End PBXCopyFilesBuildPhase section */

/* Begin PBXFileReference section */
		252C14911F10D13E00142326 /* Kamehouse.app */ = {isa = PBXFileReference; explicitFileType = wrapper.application; includeInIndex = 0; path = Kamehouse.app; sourceTree = BUILT_PRODUCTS_DIR; };
		252C14941F10D13E00142326 /* AppDelegate.swift */ = {isa = PBXFileReference; lastKnownFileType = sourcecode.swift; path = AppDelegate.swift; sourceTree = "<group>"; };
		252C14961F10D13E00142326 /* ViewController.swift */ = {isa = PBXFileReference; lastKnownFileType = sourcecode.swift; path = ViewController.swift; sourceTree = "<group>"; };
		252C14991F10D13E00142326 /* Base */ = {isa = PBXFileReference; lastKnownFileType = file.storyboard; name = Base; path = Base.lproj/Main.storyboard; sourceTree = "<group>"; };
		252C149B1F10D13E00142326 /* Assets.xcassets */ = {isa = PBXFileReference; lastKnownFileType = folder.assetcatalog; path = Assets.xcassets; sourceTree = "<group>"; };
		252C149E1F10D13E00142326 /* Base */ = {isa = PBXFileReference; lastKnownFileType = file.storyboard; name = Base; path = Base.lproj/LaunchScreen.storyboard; sourceTree = "<group>"; };
		252C14A01F10D13E00142326 /* Info.plist */ = {isa = PBXFileReference; lastKnownFileType = text.plist.xml; path = Info.plist; sourceTree = "<group>"; };
		252C14AA1F10D1ED00142326 /* KamehouseIntent.appex */ = {isa = PBXFileReference; explicitFileType = "wrapper.app-extension"; includeInIndex = 0; path = KamehouseIntent.appex; sourceTree = BUILT_PRODUCTS_DIR; };
		252C14AC1F10D1ED00142326 /* IntentHandler.swift */ = {isa = PBXFileReference; lastKnownFileType = sourcecode.swift; path = IntentHandler.swift; sourceTree = "<group>"; };
		252C14AE1F10D1ED00142326 /* Info.plist */ = {isa = PBXFileReference; lastKnownFileType = text.plist.xml; path = Info.plist; sourceTree = "<group>"; };
		252C14B31F10D1ED00142326 /* KamehouseIntentUI.appex */ = {isa = PBXFileReference; explicitFileType = "wrapper.app-extension"; includeInIndex = 0; path = KamehouseIntentUI.appex; sourceTree = BUILT_PRODUCTS_DIR; };
		252C14B51F10D1ED00142326 /* IntentsUI.framework */ = {isa = PBXFileReference; lastKnownFileType = wrapper.framework; name = IntentsUI.framework; path = System/Library/Frameworks/IntentsUI.framework; sourceTree = SDKROOT; };
		252C14B81F10D1ED00142326 /* IntentViewController.swift */ = {isa = PBXFileReference; lastKnownFileType = sourcecode.swift; path = IntentViewController.swift; sourceTree = "<group>"; };
		252C14BB1F10D1ED00142326 /* Base */ = {isa = PBXFileReference; lastKnownFileType = file.storyboard; name = Base; path = Base.lproj/MainInterface.storyboard; sourceTree = "<group>"; };
		252C14BD1F10D1ED00142326 /* Info.plist */ = {isa = PBXFileReference; lastKnownFileType = text.plist.xml; path = Info.plist; sourceTree = "<group>"; };
/* End PBXFileReference section */

/* Begin PBXFrameworksBuildPhase section */
		252C148E1F10D13E00142326 /* Frameworks */ = {
			isa = PBXFrameworksBuildPhase;
			buildActionMask = 2147483647;
			files = (
			);
			runOnlyForDeploymentPostprocessing = 0;
		};
		252C14A71F10D1ED00142326 /* Frameworks */ = {
			isa = PBXFrameworksBuildPhase;
			buildActionMask = 2147483647;
			files = (
			);
			runOnlyForDeploymentPostprocessing = 0;
		};
		252C14B01F10D1ED00142326 /* Frameworks */ = {
			isa = PBXFrameworksBuildPhase;
			buildActionMask = 2147483647;
			files = (
				252C14B61F10D1ED00142326 /* IntentsUI.framework in Frameworks */,
			);
			runOnlyForDeploymentPostprocessing = 0;
		};
/* End PBXFrameworksBuildPhase section */

/* Begin PBXGroup section */
		252C14881F10D13E00142326 = {
			isa = PBXGroup;
			children = (
				252C14931F10D13E00142326 /* Kamehouse */,
				252C14AB1F10D1ED00142326 /* KamehouseIntent */,
				252C14B71F10D1ED00142326 /* KamehouseIntentUI */,
				252C14B41F10D1ED00142326 /* Frameworks */,
				252C14921F10D13E00142326 /* Products */,
			);
			sourceTree = "<group>";
		};
		252C14921F10D13E00142326 /* Products */ = {
			isa = PBXGroup;
			children = (
				252C14911F10D13E00142326 /* Kamehouse.app */,
				252C14AA1F10D1ED00142326 /* KamehouseIntent.appex */,
				252C14B31F10D1ED00142326 /* KamehouseIntentUI.appex */,
			);
			name = Products;
			sourceTree = "<group>";
		};
		252C14931F10D13E00142326 /* Kamehouse */ = {
			isa = PBXGroup;
			children = (
				252C14941F10D13E00142326 /* AppDelegate.swift */,
				252C14961F10D13E00142326 /* ViewController.swift */,
				252C14981F10D13E00142326 /* Main.storyboard */,
				252C149B1F10D13E00142326 /* Assets.xcassets */,
				252C149D1F10D13E00142326 /* LaunchScreen.storyboard */,
				252C14A01F10D13E00142326 /* Info.plist */,
			);
			path = Kamehouse;
			sourceTree = "<group>";
		};
		252C14AB1F10D1ED00142326 /* KamehouseIntent */ = {
			isa = PBXGroup;
			children = (
				252C14AC1F10D1ED00142326 /* IntentHandler.swift */,
				252C14AE1F10D1ED00142326 /* Info.plist */,
			);
			path = KamehouseIntent;
			sourceTree = "<group>";
		};
		252C14B41F10D1ED00142326 /* Frameworks */ = {
			isa = PBXGroup;
			children = (
				252C14B51F10D1ED00142326 /* IntentsUI.framework */,
			);
			name = Frameworks;
			sourceTree = "<group>";
		};
		252C14B71F10D1ED00142326 /* KamehouseIntentUI */ = {
			isa = PBXGroup;
			children = (
				252C14B81F10D1ED00142326 /* IntentViewController.swift */,
				252C14BA1F10D1ED00142326 /* MainInterface.storyboard */,
				252C14BD1F10D1ED00142326 /* Info.plist */,
			);
			path = KamehouseIntentUI;
			sourceTree = "<group>";
		};
/* End PBXGroup section */

/* Begin PBXNativeTarget section */
		252C14901F10D13E00142326 /* Kamehouse */ = {
			isa = PBXNativeTarget;
			buildConfigurationList = 252C14A31F10D13E00142326 /* Build configuration list for PBXNativeTarget "Kamehouse" */;
			buildPhases = (
				252C148D1F10D13E00142326 /* Sources */,
				252C148E1F10D13E00142326 /* Frameworks */,
				252C148F1F10D13E00142326 /* Resources */,
				252C14CA1F10D1ED00142326 /* Embed App Extensions */,
			);
			buildRules = (
			);
			dependencies = (
				252C14BF1F10D1ED00142326 /* PBXTargetDependency */,
				252C14C21F10D1ED00142326 /* PBXTargetDependency */,
			);
			name = Kamehouse;
			productName = Kamehouse;
			productReference = 252C14911F10D13E00142326 /* Kamehouse.app */;
			productType = "com.apple.product-type.application";
		};
		252C14A91F10D1ED00142326 /* KamehouseIntent */ = {
			isa = PBXNativeTarget;
			buildConfigurationList = 252C14C71F10D1ED00142326 /* Build configuration list for PBXNativeTarget "KamehouseIntent" */;
			buildPhases = (
				252C14A61F10D1ED00142326 /* Sources */,
				252C14A71F10D1ED00142326 /* Frameworks */,
				252C14A81F10D1ED00142326 /* Resources */,
			);
			buildRules = (
			);
			dependencies = (
			);
			name = KamehouseIntent;
			productName = KamehouseIntent;
			productReference = 252C14AA1F10D1ED00142326 /* KamehouseIntent.appex */;
			productType = "com.apple.product-type.app-extension";
		};
		252C14B21F10D1ED00142326 /* KamehouseIntentUI */ = {
			isa = PBXNativeTarget;
			buildConfigurationList = 252C14C41F10D1ED00142326 /* Build configuration list for PBXNativeTarget "KamehouseIntentUI" */;
			buildPhases = (
				252C14AF1F10D1ED00142326 /* Sources */,
				252C14B01F10D1ED00142326 /* Frameworks */,
				252C14B11F10D1ED00142326 /* Resources */,
			);
			buildRules = (
			);
			dependencies = (
			);
			name = KamehouseIntentUI;
			productName = KamehouseIntentUI;
			productReference = 252C14B31F10D1ED00142326 /* KamehouseIntentUI.appex */;
			productType = "com.apple.product-type.app-extension";
		};
/* End PBXNativeTarget section */

/* Begin PBXProject section */
		252C14891F10D13E00142326 /* Project object */ = {
			isa = PBXProject;
			attributes = {
				LastSwiftUpdateCheck = 0820;
				LastUpgradeCheck = 0820;
				ORGANIZATIONNAME = "Fredy Lievano Gutierrez";
				TargetAttributes = {
					252C14901F10D13E00142326 = {
						CreatedOnToolsVersion = 8.2.1;
						DevelopmentTeam = VPV7EGZR67;
						ProvisioningStyle = Automatic;
					};
					252C14A91F10D1ED00142326 = {
						CreatedOnToolsVersion = 8.2.1;
						DevelopmentTeam = VPV7EGZR67;
						ProvisioningStyle = Automatic;
					};
					252C14B21F10D1ED00142326 = {
						CreatedOnToolsVersion = 8.2.1;
						DevelopmentTeam = VPV7EGZR67;
						ProvisioningStyle = Automatic;
					};
				};
			};
			buildConfigurationList = 252C148C1F10D13E00142326 /* Build configuration list for PBXProject "Kamehouse" */;
			compatibilityVersion = "Xcode 3.2";
			developmentRegion = English;
			hasScannedForEncodings = 0;
			knownRegions = (
				en,
				Base,
			);
			mainGroup = 252C14881F10D13E00142326;
			productRefGroup = 252C14921F10D13E00142326 /* Products */;
			projectDirPath = "";
			projectRoot = "";
			targets = (
				252C14901F10D13E00142326 /* Kamehouse */,
				252C14A91F10D1ED00142326 /* KamehouseIntent */,
				252C14B21F10D1ED00142326 /* KamehouseIntentUI */,
			);
		};
/* End PBXProject section */

/* Begin PBXResourcesBuildPhase section */
		252C148F1F10D13E00142326 /* Resources */ = {
			isa = PBXResourcesBuildPhase;
			buildActionMask = 2147483647;
			files = (
				252C149F1F10D13E00142326 /* LaunchScreen.storyboard in Resources */,
				252C149C1F10D13E00142326 /* Assets.xcassets in Resources */,
				252C149A1F10D13E00142326 /* Main.storyboard in Resources */,
			);
			runOnlyForDeploymentPostprocessing = 0;
		};
		252C14A81F10D1ED00142326 /* Resources */ = {
			isa = PBXResourcesBuildPhase;
			buildActionMask = 2147483647;
			files = (
			);
			runOnlyForDeploymentPostprocessing = 0;
		};
		252C14B11F10D1ED00142326 /* Resources */ = {
			isa = PBXResourcesBuildPhase;
			buildActionMask = 2147483647;
			files = (
				252C14BC1F10D1ED00142326 /* MainInterface.storyboard in Resources */,
			);
			runOnlyForDeploymentPostprocessing = 0;
		};
/* End PBXResourcesBuildPhase section */

/* Begin PBXSourcesBuildPhase section */
		252C148D1F10D13E00142326 /* Sources */ = {
			isa = PBXSourcesBuildPhase;
			buildActionMask = 2147483647;
			files = (
				252C14971F10D13E00142326 /* ViewController.swift in Sources */,
				252C14951F10D13E00142326 /* AppDelegate.swift in Sources */,
			);
			runOnlyForDeploymentPostprocessing = 0;
		};
		252C14A61F10D1ED00142326 /* Sources */ = {
			isa = PBXSourcesBuildPhase;
			buildActionMask = 2147483647;
			files = (
				252C14AD1F10D1ED00142326 /* IntentHandler.swift in Sources */,
			);
			runOnlyForDeploymentPostprocessing = 0;
		};
		252C14AF1F10D1ED00142326 /* Sources */ = {
			isa = PBXSourcesBuildPhase;
			buildActionMask = 2147483647;
			files = (
				252C14B91F10D1ED00142326 /* IntentViewController.swift in Sources */,
			);
			runOnlyForDeploymentPostprocessing = 0;
		};
/* End PBXSourcesBuildPhase section */

/* Begin PBXTargetDependency section */
		252C14BF1F10D1ED00142326 /* PBXTargetDependency */ = {
			isa = PBXTargetDependency;
			target = 252C14B21F10D1ED00142326 /* KamehouseIntentUI */;
			targetProxy = 252C14BE1F10D1ED00142326 /* PBXContainerItemProxy */;
		};
		252C14C21F10D1ED00142326 /* PBXTargetDependency */ = {
			isa = PBXTargetDependency;
			target = 252C14A91F10D1ED00142326 /* KamehouseIntent */;
			targetProxy = 252C14C11F10D1ED00142326 /* PBXContainerItemProxy */;
		};
/* End PBXTargetDependency section */

/* Begin PBXVariantGroup section */
		252C14981F10D13E00142326 /* Main.storyboard */ = {
			isa = PBXVariantGroup;
			children = (
				252C14991F10D13E00142326 /* Base */,
			);
			name = Main.storyboard;
			sourceTree = "<group>";
		};
		252C149D1F10D13E00142326 /* LaunchScreen.storyboard */ = {
			isa = PBXVariantGroup;
			children = (
				252C149E1F10D13E00142326 /* Base */,
			);
			name = LaunchScreen.storyboard;
			sourceTree = "<group>";
		};
		252C14BA1F10D1ED00142326 /* MainInterface.storyboard */ = {
			isa = PBXVariantGroup;
			children = (
				252C14BB1F10D1ED00142326 /* Base */,
			);
			name = MainInterface.storyboard;
			sourceTree = "<group>";
		};
/* End PBXVariantGroup section */

/* Begin XCBuildConfiguration section */
		252C14A11F10D13E00142326 /* Debug */ = {
			isa = XCBuildConfiguration;
			buildSettings = {
				ALWAYS_SEARCH_USER_PATHS = NO;
				CLANG_ANALYZER_NONNULL = YES;
				CLANG_CXX_LANGUAGE_STANDARD = "gnu++0x";
				CLANG_CXX_LIBRARY = "libc++";
				CLANG_ENABLE_MODULES = YES;
				CLANG_ENABLE_OBJC_ARC = YES;
				CLANG_WARN_BOOL_CONVERSION = YES;
				CLANG_WARN_CONSTANT_CONVERSION = YES;
				CLANG_WARN_DIRECT_OBJC_ISA_USAGE = YES_ERROR;
				CLANG_WARN_DOCUMENTATION_COMMENTS = YES;
				CLANG_WARN_EMPTY_BODY = YES;
				CLANG_WARN_ENUM_CONVERSION = YES;
				CLANG_WARN_INFINITE_RECURSION = YES;
				CLANG_WARN_INT_CONVERSION = YES;
				CLANG_WARN_OBJC_ROOT_CLASS = YES_ERROR;
				CLANG_WARN_SUSPICIOUS_MOVE = YES;
				CLANG_WARN_UNREACHABLE_CODE = YES;
				CLANG_WARN__DUPLICATE_METHOD_MATCH = YES;
				"CODE_SIGN_IDENTITY[sdk=iphoneos*]" = "iPhone Developer";
				COPY_PHASE_STRIP = NO;
				DEBUG_INFORMATION_FORMAT = dwarf;
				ENABLE_STRICT_OBJC_MSGSEND = YES;
				ENABLE_TESTABILITY = YES;
				GCC_C_LANGUAGE_STANDARD = gnu99;
				GCC_DYNAMIC_NO_PIC = NO;
				GCC_NO_COMMON_BLOCKS = YES;
				GCC_OPTIMIZATION_LEVEL = 0;
				GCC_PREPROCESSOR_DEFINITIONS = (
					"DEBUG=1",
					"$(inherited)",
				);
				GCC_WARN_64_TO_32_BIT_CONVERSION = YES;
				GCC_WARN_ABOUT_RETURN_TYPE = YES_ERROR;
				GCC_WARN_UNDECLARED_SELECTOR = YES;
				GCC_WARN_UNINITIALIZED_AUTOS = YES_AGGRESSIVE;
				GCC_WARN_UNUSED_FUNCTION = YES;
				GCC_WARN_UNUSED_VARIABLE = YES;
				IPHONEOS_DEPLOYMENT_TARGET = 10.2;
				MTL_ENABLE_DEBUG_INFO = YES;
				ONLY_ACTIVE_ARCH = YES;
				SDKROOT = iphoneos;
				SWIFT_ACTIVE_COMPILATION_CONDITIONS = DEBUG;
				SWIFT_OPTIMIZATION_LEVEL = "-Onone";
			};
			name = Debug;
		};
		252C14A21F10D13E00142326 /* Release */ = {
			isa = XCBuildConfiguration;
			buildSettings = {
				ALWAYS_SEARCH_USER_PATHS = NO;
				CLANG_ANALYZER_NONNULL = YES;
				CLANG_CXX_LANGUAGE_STANDARD = "gnu++0x";
				CLANG_CXX_LIBRARY = "libc++";
				CLANG_ENABLE_MODULES = YES;
				CLANG_ENABLE_OBJC_ARC = YES;
				CLANG_WARN_BOOL_CONVERSION = YES;
				CLANG_WARN_CONSTANT_CONVERSION = YES;
				CLANG_WARN_DIRECT_OBJC_ISA_USAGE = YES_ERROR;
				CLANG_WARN_DOCUMENTATION_COMMENTS = YES;
				CLANG_WARN_EMPTY_BODY = YES;
				CLANG_WARN_ENUM_CONVERSION = YES;
				CLANG_WARN_INFINITE_RECURSION = YES;
				CLANG_WARN_INT_CONVERSION = YES;
				CLANG_WARN_OBJC_ROOT_CLASS = YES_ERROR;
				CLANG_WARN_SUSPICIOUS_MOVE = YES;
				CLANG_WARN_UNREACHABLE_CODE = YES;
				CLANG_WARN__DUPLICATE_METHOD_MATCH = YES;
				"CODE_SIGN_IDENTITY[sdk=iphoneos*]" = "iPhone Developer";
				COPY_PHASE_STRIP = NO;
				DEBUG_INFORMATION_FORMAT = "dwarf-with-dsym";
				ENABLE_NS_ASSERTIONS = NO;
				ENABLE_STRICT_OBJC_MSGSEND = YES;
				GCC_C_LANGUAGE_STANDARD = gnu99;
				GCC_NO_COMMON_BLOCKS = YES;
				GCC_WARN_64_TO_32_BIT_CONVERSION = YES;
				GCC_WARN_ABOUT_RETURN_TYPE = YES_ERROR;
				GCC_WARN_UNDECLARED_SELECTOR = YES;
				GCC_WARN_UNINITIALIZED_AUTOS = YES_AGGRESSIVE;
				GCC_WARN_UNUSED_FUNCTION = YES;
				GCC_WARN_UNUSED_VARIABLE = YES;
				IPHONEOS_DEPLOYMENT_TARGET = 10.2;
				MTL_ENABLE_DEBUG_INFO = NO;
				SDKROOT = iphoneos;
				SWIFT_OPTIMIZATION_LEVEL = "-Owholemodule";
				VALIDATE_PRODUCT = YES;
			};
			name = Release;
		};
		252C14A41F10D13E00142326 /* Debug */ = {
			isa = XCBuildConfiguration;
			buildSettings = {
				ALWAYS_EMBED_SWIFT_STANDARD_LIBRARIES = YES;
				ASSETCATALOG_COMPILER_APPICON_NAME = AppIcon;
				DEVELOPMENT_TEAM = VPV7EGZR67;
				INFOPLIST_FILE = Kamehouse/Info.plist;
				LD_RUNPATH_SEARCH_PATHS = "$(inherited) @executable_path/Frameworks";
				PRODUCT_BUNDLE_IDENTIFIER = com.digitalpleasure.Kamehouse;
				PRODUCT_NAME = "$(TARGET_NAME)";
				SWIFT_VERSION = 3.0;
			};
			name = Debug;
		};
		252C14A51F10D13E00142326 /* Release */ = {
			isa = XCBuildConfiguration;
			buildSettings = {
				ALWAYS_EMBED_SWIFT_STANDARD_LIBRARIES = YES;
				ASSETCATALOG_COMPILER_APPICON_NAME = AppIcon;
				DEVELOPMENT_TEAM = VPV7EGZR67;
				INFOPLIST_FILE = Kamehouse/Info.plist;
				LD_RUNPATH_SEARCH_PATHS = "$(inherited) @executable_path/Frameworks";
				PRODUCT_BUNDLE_IDENTIFIER = com.digitalpleasure.Kamehouse;
				PRODUCT_NAME = "$(TARGET_NAME)";
				SWIFT_VERSION = 3.0;
			};
			name = Release;
		};
		252C14C51F10D1ED00142326 /* Debug */ = {
			isa = XCBuildConfiguration;
			buildSettings = {
				DEVELOPMENT_TEAM = VPV7EGZR67;
				INFOPLIST_FILE = KamehouseIntentUI/Info.plist;
				LD_RUNPATH_SEARCH_PATHS = "$(inherited) @executable_path/Frameworks @executable_path/../../Frameworks";
				PRODUCT_BUNDLE_IDENTIFIER = com.digitalpleasure.Kamehouse.KamehouseIntentUI;
				PRODUCT_NAME = "$(TARGET_NAME)";
				SKIP_INSTALL = YES;
				SWIFT_VERSION = 3.0;
			};
			name = Debug;
		};
		252C14C61F10D1ED00142326 /* Release */ = {
			isa = XCBuildConfiguration;
			buildSettings = {
				DEVELOPMENT_TEAM = VPV7EGZR67;
				INFOPLIST_FILE = KamehouseIntentUI/Info.plist;
				LD_RUNPATH_SEARCH_PATHS = "$(inherited) @executable_path/Frameworks @executable_path/../../Frameworks";
				PRODUCT_BUNDLE_IDENTIFIER = com.digitalpleasure.Kamehouse.KamehouseIntentUI;
				PRODUCT_NAME = "$(TARGET_NAME)";
				SKIP_INSTALL = YES;
				SWIFT_VERSION = 3.0;
			};
			name = Release;
		};
		252C14C81F10D1ED00142326 /* Debug */ = {
			isa = XCBuildConfiguration;
			buildSettings = {
				DEVELOPMENT_TEAM = VPV7EGZR67;
				INFOPLIST_FILE = KamehouseIntent/Info.plist;
				LD_RUNPATH_SEARCH_PATHS = "$(inherited) @executable_path/Frameworks @executable_path/../../Frameworks";
				PRODUCT_BUNDLE_IDENTIFIER = com.digitalpleasure.Kamehouse.KamehouseIntent;
				PRODUCT_NAME = "$(TARGET_NAME)";
				SKIP_INSTALL = YES;
				SWIFT_VERSION = 3.0;
			};
			name = Debug;
		};
		252C14C91F10D1ED00142326 /* Release */ = {
			isa = XCBuildConfiguration;
			buildSettings = {
				DEVELOPMENT_TEAM = VPV7EGZR67;
				INFOPLIST_FILE = KamehouseIntent/Info.plist;
				LD_RUNPATH_SEARCH_PATHS = "$(inherited) @executable_path/Frameworks @executable_path/../../Frameworks";
				PRODUCT_BUNDLE_IDENTIFIER = com.digitalpleasure.Kamehouse.KamehouseIntent;
				PRODUCT_NAME = "$(TARGET_NAME)";
				SKIP_INSTALL = YES;
				SWIFT_VERSION = 3.0;
			};
			name = Release;
		};
/* End XCBuildConfiguration section */

/* Begin XCConfigurationList section */
		252C148C1F10D13E00142326 /* Build configuration list for PBXProject "Kamehouse" */ = {
			isa = XCConfigurationList;
			buildConfigurations = (
				252C14A11F10D13E00142326 /* Debug */,
				252C14A21F10D13E00142326 /* Release */,
			);
			defaultConfigurationIsVisible = 0;
			defaultConfigurationName = Release;
		};
		252C14A31F10D13E00142326 /* Build configuration list for PBXNativeTarget "Kamehouse" */ = {
			isa = XCConfigurationList;
			buildConfigurations = (
				252C14A41F10D13E00142326 /* Debug */,
				252C14A51F10D13E00142326 /* Release */,
			);
			defaultConfigurationIsVisible = 0;
		};
		252C14C41F10D1ED00142326 /* Build configuration list for PBXNativeTarget "KamehouseIntentUI" */ = {
			isa = XCConfigurationList;
			buildConfigurations = (
				252C14C51F10D1ED00142326 /* Debug */,
				252C14C61F10D1ED00142326 /* Release */,
			);
			defaultConfigurationIsVisible = 0;
		};
		252C14C71F10D1ED00142326 /* Build configuration list for PBXNativeTarget "KamehouseIntent" */ = {
			isa = XCConfigurationList;
			buildConfigurations = (
				252C14C81F10D1ED00142326 /* Debug */,
				252C14C91F10D1ED00142326 /* Release */,
			);
			defaultConfigurationIsVisible = 0;
		};
/* End XCConfigurationList section */
	};
	rootObject = 252C14891F10D13E00142326 /* Project object */;
}
